{
    "_readme": [
        "This file locks the dependencies of your project to a known state",
        "Read more about it at https://getcomposer.org/doc/01-basic-usage.md#composer-lock-the-lock-file",
        "This file is @generated automatically"
    ],
    "content-hash": "e31d108180e90dafd04d30e3a270e5c9",
    "packages": [
        {
            "name": "andrieslouw/imagesweserv",
            "version": "3.x-dev",
            "source": {
                "type": "git",
                "url": "https://github.com/pixnet/imagesweserv.git",
                "reference": "7807484c09b58589d728f418a815b15802cb32f6"
            },
            "dist": {
                "type": "zip",
                "url": "https://api.github.com/repos/pixnet/imagesweserv/zipball/7807484c09b58589d728f418a815b15802cb32f6",
                "reference": "7807484c09b58589d728f418a815b15802cb32f6",
                "shasum": ""
            },
            "require": {
                "ext-curl": "*",
                "ext-vips": ">=1.0.7",
                "guzzlehttp/guzzle": "^6.3",
                "jamesryanbell/cloudflare": "^1.10",
                "jcupitt/vips": "1.0.x-dev",
                "league/uri": "^5.0",
                "php": ">=7.0.11",
                "predis/predis": "^1.1"
            },
            "require-dev": {
                "jakub-onderka/php-parallel-lint": "^0.9.2",
                "mockery/mockery": "1.0.x-dev",
                "phpunit/phpunit": "^6.2"
            },
            "type": "project",
            "autoload": {
                "psr-4": {
                    "AndriesLouw\\imagesweserv\\": "src/"
                }
            },
            "scripts": {
                "test": [
                    "parallel-lint . --exclude vendor",
                    "phpunit"
                ]
            },
            "license": [
                "BSD-3-Clause"
            ],
            "authors": [
                {
                    "name": "Andries Louw Wolthuizen",
                    "email": "info@andrieslouw.nl"
                },
                {
                    "name": "Kleis Auke Wolthuizen",
                    "email": "info@kleisauke.nl"
                }
            ],
            "description": "An image cache & resize proxy",
            "homepage": "https://github.com/andrieslouw/imagesweserv",
            "keywords": [
                "caching",
                "editing",
                "image",
                "manipulation",
                "processing",
                "proxy"
            ],
            "support": {
                "source": "https://github.com/pixnet/imagesweserv/tree/3.x"
            },
            "time": "2017-07-15 18:40:08"
        },
        {
            "name": "guzzlehttp/guzzle",
            "version": "6.3.0",
            "source": {
                "type": "git",
                "url": "https://github.com/guzzle/guzzle.git",
                "reference": "f4db5a78a5ea468d4831de7f0bf9d9415e348699"
            },
            "dist": {
                "type": "zip",
                "url": "https://api.github.com/repos/guzzle/guzzle/zipball/f4db5a78a5ea468d4831de7f0bf9d9415e348699",
                "reference": "f4db5a78a5ea468d4831de7f0bf9d9415e348699",
                "shasum": ""
            },
            "require": {
                "guzzlehttp/promises": "^1.0",
                "guzzlehttp/psr7": "^1.4",
                "php": ">=5.5"
            },
            "require-dev": {
                "ext-curl": "*",
                "phpunit/phpunit": "^4.0 || ^5.0",
                "psr/log": "^1.0"
            },
            "suggest": {
                "psr/log": "Required for using the Log middleware"
            },
            "type": "library",
            "extra": {
                "branch-alias": {
                    "dev-master": "6.2-dev"
                }
            },
            "autoload": {
                "files": [
                    "src/functions_include.php"
                ],
                "psr-4": {
                    "GuzzleHttp\\": "src/"
                }
            },
            "notification-url": "https://packagist.org/downloads/",
            "license": [
                "MIT"
            ],
            "authors": [
                {
                    "name": "Michael Dowling",
                    "email": "mtdowling@gmail.com",
                    "homepage": "https://github.com/mtdowling"
                }
            ],
            "description": "Guzzle is a PHP HTTP client library",
            "homepage": "http://guzzlephp.org/",
            "keywords": [
                "client",
                "curl",
                "framework",
                "http",
                "http client",
                "rest",
                "web service"
            ],
            "time": "2017-06-22T18:50:49+00:00"
        },
        {
            "name": "guzzlehttp/promises",
            "version": "dev-master",
            "source": {
                "type": "git",
                "url": "https://github.com/guzzle/promises.git",
                "reference": "09e549f5534380c68761260a71f847644d8f65aa"
            },
            "dist": {
                "type": "zip",
                "url": "https://api.github.com/repos/guzzle/promises/zipball/09e549f5534380c68761260a71f847644d8f65aa",
                "reference": "09e549f5534380c68761260a71f847644d8f65aa",
                "shasum": ""
            },
            "require": {
                "php": ">=5.5.0"
            },
            "require-dev": {
                "phpunit/phpunit": "^4.0"
            },
            "type": "library",
            "extra": {
                "branch-alias": {
                    "dev-master": "1.4-dev"
                }
            },
            "autoload": {
                "psr-4": {
                    "GuzzleHttp\\Promise\\": "src/"
                },
                "files": [
                    "src/functions_include.php"
                ]
            },
            "notification-url": "https://packagist.org/downloads/",
            "license": [
                "MIT"
            ],
            "authors": [
                {
                    "name": "Michael Dowling",
                    "email": "mtdowling@gmail.com",
                    "homepage": "https://github.com/mtdowling"
                }
            ],
            "description": "Guzzle promises library",
            "keywords": [
                "promise"
            ],
            "time": "2017-05-20 23:14:18"
        },
        {
            "name": "guzzlehttp/psr7",
            "version": "dev-master",
            "source": {
                "type": "git",
                "url": "https://github.com/guzzle/psr7.git",
                "reference": "811b676fbab9c99e359885032e5ebc70e442f5b8"
            },
            "dist": {
                "type": "zip",
                "url": "https://api.github.com/repos/guzzle/psr7/zipball/811b676fbab9c99e359885032e5ebc70e442f5b8",
                "reference": "811b676fbab9c99e359885032e5ebc70e442f5b8",
                "shasum": ""
            },
            "require": {
                "php": ">=5.4.0",
                "psr/http-message": "~1.0"
            },
            "provide": {
                "psr/http-message-implementation": "1.0"
            },
            "require-dev": {
                "phpunit/phpunit": "~4.0"
            },
            "type": "library",
            "extra": {
                "branch-alias": {
                    "dev-master": "1.4-dev"
                }
            },
            "autoload": {
                "psr-4": {
                    "GuzzleHttp\\Psr7\\": "src/"
                },
                "files": [
                    "src/functions_include.php"
                ]
            },
            "notification-url": "https://packagist.org/downloads/",
            "license": [
                "MIT"
            ],
            "authors": [
                {
                    "name": "Michael Dowling",
                    "email": "mtdowling@gmail.com",
                    "homepage": "https://github.com/mtdowling"
                },
                {
                    "name": "Tobias Schultze",
                    "homepage": "https://github.com/Tobion"
                }
            ],
            "description": "PSR-7 message implementation that also provides common utility methods",
            "keywords": [
                "http",
                "message",
                "request",
                "response",
                "stream",
                "uri",
                "url"
            ],
            "time": "2017-07-17 09:11:21"
        },
        {
            "name": "jamesryanbell/cloudflare",
            "version": "1.10.3",
            "source": {
                "type": "git",
                "url": "https://github.com/jamesryanbell/cloudflare.git",
                "reference": "103d4ff254a887fb1f3238480bb93fac4ebd5b2b"
            },
            "dist": {
                "type": "zip",
                "url": "https://api.github.com/repos/jamesryanbell/cloudflare/zipball/103d4ff254a887fb1f3238480bb93fac4ebd5b2b",
                "reference": "103d4ff254a887fb1f3238480bb93fac4ebd5b2b",
                "shasum": ""
            },
            "require-dev": {
                "phpunit/phpunit": "< 6",
                "satooshi/php-coveralls": "dev-master"
            },
            "type": "library",
            "autoload": {
                "psr-4": {
                    "Cloudflare\\": "src/CloudFlare"
                }
            },
            "notification-url": "https://packagist.org/downloads/",
            "license": [
                "MIT"
            ],
            "authors": [
                {
                    "name": "James Bell",
                    "email": "james@james-bell.co.uk"
                }
            ],
            "description": "CloudFlare API - PHP",
            "keywords": [
                "api",
                "cloudflare"
            ],
            "time": "2017-04-28T19:44:55+00:00"
        },
        {
            "name": "jcupitt/vips",
            "version": "dev-master",
            "source": {
                "type": "git",
                "url": "https://github.com/jcupitt/php-vips.git",
                "reference": "e83bd56653910035135080744c53ff0d3846c8ce"
            },
            "dist": {
                "type": "zip",
                "url": "https://api.github.com/repos/jcupitt/php-vips/zipball/e83bd56653910035135080744c53ff0d3846c8ce",
                "reference": "e83bd56653910035135080744c53ff0d3846c8ce",
                "shasum": ""
            },
            "require": {
                "ext-vips": ">=0.1.2",
                "php": ">=7.0.11",
                "psr/log": "^1.0.1"
            },
            "require-dev": {
                "jakub-onderka/php-parallel-lint": "^0.9.2",
                "phpdocumentor/phpdocumentor": "^2.9",
                "phpunit/phpunit": "^6.0"
            },
            "type": "library",
            "extra": {
                "branch-alias": {
                    "dev-master": "1.0.x-dev"
                }
            },
            "autoload": {
                "psr-4": {
                    "Jcupitt\\Vips\\": "src"
                }
            },
            "notification-url": "https://packagist.org/downloads/",
            "license": [
                "MIT"
            ],
            "authors": [
                {
                    "name": "John Cupitt",
                    "email": "jcupitt@gmail.com",
                    "homepage": "https://github.com/jcupitt",
                    "role": "Developer"
                }
            ],
            "description": "A high-level interface to the libvips image processing library.",
            "homepage": "https://github.com/jcupitt/php-vips",
            "keywords": [
                "image",
                "libvips",
                "processing"
            ],
            "time": "2017-07-08 11:05:26"
        },
        {
            "name": "jeremykendall/php-domain-parser",
            "version": "3.0.0",
            "source": {
                "type": "git",
                "url": "https://github.com/jeremykendall/php-domain-parser.git",
                "reference": "896e7e70f02bd4fd77190052799bc61e4d779672"
            },
            "dist": {
                "type": "zip",
                "url": "https://api.github.com/repos/jeremykendall/php-domain-parser/zipball/896e7e70f02bd4fd77190052799bc61e4d779672",
                "reference": "896e7e70f02bd4fd77190052799bc61e4d779672",
                "shasum": ""
            },
            "require": {
                "ext-curl": "*",
                "ext-intl": "*",
                "ext-mbstring": "*",
                "php": ">=5.3.0"
            },
            "require-dev": {
                "jeremykendall/debug-die": "0.0.1.*",
                "mikey179/vfsstream": "~1.4",
                "phpunit/phpunit": "~4.4"
            },
            "bin": [
                "bin/parse",
                "bin/update-psl"
            ],
            "type": "library",
            "autoload": {
                "psr-0": {
                    "Pdp\\": "src/"
                },
                "files": [
                    "src/pdp-parse-url.php"
                ]
            },
            "notification-url": "https://packagist.org/downloads/",
            "license": [
                "MIT"
            ],
            "authors": [
                {
                    "name": "Jeremy Kendall",
                    "homepage": "http://about.me/jeremykendall",
                    "role": "Developer"
                },
                {
                    "name": "Contributors",
                    "homepage": "https://github.com/jeremykendall/php-domain-parser/graphs/contributors"
                }
            ],
            "description": "Public Suffix List based URL parsing implemented in PHP.",
            "homepage": "https://github.com/jeremykendall/php-domain-parser",
            "keywords": [
                "Public Suffix List",
                "domain parsing",
                "url parsing"
            ],
            "time": "2015-03-30T12:49:45+00:00"
        },
        {
            "name": "league/uri",
            "version": "dev-master",
            "source": {
                "type": "git",
                "url": "https://github.com/thephpleague/uri.git",
                "reference": "7f14be6769402f6c35535871c2e790e53536f3c0"
            },
            "dist": {
                "type": "zip",
                "url": "https://api.github.com/repos/thephpleague/uri/zipball/7f14be6769402f6c35535871c2e790e53536f3c0",
                "reference": "7f14be6769402f6c35535871c2e790e53536f3c0",
                "shasum": ""
            },
            "require": {
                "ext-fileinfo": "*",
                "ext-intl": "*",
                "ext-mbstring": "*",
                "league/uri-manipulations": "^1.0",
                "league/uri-schemes": "^1.0",
                "php": ">=7.0"
            },
            "type": "metapackage",
            "extra": {
                "branch-alias": {
                    "dev-master": "5.0.x-dev"
                }
            },
            "notification-url": "https://packagist.org/downloads/",
            "license": [
                "MIT"
            ],
            "authors": [
                {
                    "name": "Ignace Nyamagana Butera",
                    "email": "nyamsprod@gmail.com",
                    "homepage": "https://nyamsprod.com"
                }
            ],
            "description": "URI manipulation library",
            "homepage": "http://uri.thephpleague.com",
            "keywords": [
                "data-uri",
                "file-uri",
                "ftp",
                "http",
                "https",
                "middleware",
                "parse_url",
                "psr-7",
                "rfc3986",
                "rfc3987",
                "uri",
                "url",
                "ws"
            ],
            "time": "2017-05-14T19:17:55+00:00"
        },
        {
            "name": "league/uri-components",
            "version": "dev-master",
            "source": {
                "type": "git",
                "url": "https://github.com/thephpleague/uri-components.git",
                "reference": "fe056de2150f694aad5f8b38f78373b7b2538120"
            },
            "dist": {
                "type": "zip",
                "url": "https://api.github.com/repos/thephpleague/uri-components/zipball/fe056de2150f694aad5f8b38f78373b7b2538120",
                "reference": "fe056de2150f694aad5f8b38f78373b7b2538120",
                "shasum": ""
            },
            "require": {
                "ext-fileinfo": "*",
                "ext-intl": "*",
                "ext-mbstring": "*",
                "jeremykendall/php-domain-parser": "^3.0",
                "php": ">=7.0"
            },
            "require-dev": {
                "friendsofphp/php-cs-fixer": "^2.3",
                "phpunit/phpunit": "^6.0"
            },
            "type": "library",
            "extra": {
                "branch-alias": {
                    "dev-master": "1.0.x-dev"
                }
            },
            "autoload": {
                "psr-4": {
                    "League\\Uri\\Components\\": "src"
                }
            },
            "notification-url": "https://packagist.org/downloads/",
            "license": [
                "MIT"
            ],
            "authors": [
                {
                    "name": "Ignace Nyamagana Butera",
                    "email": "nyamsprod@gmail.com",
                    "homepage": "https://nyamsprod.com"
                }
            ],
            "description": "URI components manipulation library",
            "homepage": "http://uri.thephpleague.com",
            "keywords": [
                "authority",
                "components",
                "fragment",
                "host",
                "path",
                "port",
                "query",
                "rfc3986",
                "scheme",
                "uri",
                "url",
                "userinfo"
            ],
            "time": "2017-04-27 09:18:13"
        },
        {
            "name": "league/uri-interfaces",
            "version": "dev-master",
            "source": {
                "type": "git",
                "url": "https://github.com/thephpleague/uri-interfaces.git",
                "reference": "dcc0be58e8b35a726274249e5eee053be1a56b66"
            },
            "dist": {
                "type": "zip",
                "url": "https://api.github.com/repos/thephpleague/uri-interfaces/zipball/dcc0be58e8b35a726274249e5eee053be1a56b66",
                "reference": "dcc0be58e8b35a726274249e5eee053be1a56b66",
                "shasum": ""
            },
            "require": {
                "php": ">=5.3.0"
            },
            "require-dev": {
                "friendsofphp/php-cs-fixer": "^1.0.0"
            },
            "type": "library",
            "extra": {
                "branch-alias": {
                    "dev-master": "1.0.x-dev"
                }
            },
            "autoload": {
                "psr-4": {
                    "League\\Uri\\Interfaces\\": "src/"
                }
            },
            "notification-url": "https://packagist.org/downloads/",
            "license": [
                "MIT"
            ],
            "authors": [
                {
                    "name": "Ignace Nyamagana Butera",
                    "email": "nyamsprod@gmail.com",
                    "homepage": "https://nyamsprod.com"
                }
            ],
            "description": "Common interface for URI representation",
            "homepage": "http://github.com/thephpleague/uri-interfaces",
            "keywords": [
                "rfc3986",
                "rfc3987",
                "uri",
                "url"
            ],
            "time": "2017-01-04 08:02:42"
        },
        {
            "name": "league/uri-manipulations",
            "version": "dev-master",
            "source": {
                "type": "git",
                "url": "https://github.com/thephpleague/uri-manipulations.git",
                "reference": "3db42474cb68546ec9180d76dbf9807a8e1bcf98"
            },
            "dist": {
                "type": "zip",
                "url": "https://api.github.com/repos/thephpleague/uri-manipulations/zipball/3db42474cb68546ec9180d76dbf9807a8e1bcf98",
                "reference": "3db42474cb68546ec9180d76dbf9807a8e1bcf98",
                "shasum": ""
            },
            "require": {
                "league/uri-components": "^1.0",
                "league/uri-interfaces": "^1.0",
                "php": ">=7.0",
                "psr/http-message": "^1.0"
            },
            "require-dev": {
                "friendsofphp/php-cs-fixer": "^1.9",
                "guzzlehttp/psr7": "^1.2",
                "league/uri-schemes": "^1.0",
                "phpunit/phpunit": "^6.0"
            },
            "suggest": {
                "league/uri-schemes": "Allow manipulating URI objects"
            },
            "type": "library",
            "extra": {
                "branch-alias": {
                    "dev-master": "1.0.x-dev"
                }
            },
            "autoload": {
                "psr-4": {
                    "League\\Uri\\Modifiers\\": "src"
                },
                "files": [
                    "src/functions_include.php"
                ]
            },
            "notification-url": "https://packagist.org/downloads/",
            "license": [
                "MIT"
            ],
            "authors": [
                {
                    "name": "Ignace Nyamagana Butera",
                    "email": "nyamsprod@gmail.com",
                    "homepage": "https://nyamsprod.com"
                }
            ],
            "description": "URI manipulation library",
            "homepage": "http://url.thephpleague.com",
            "keywords": [
                "formatter",
                "manipulation",
                "manipulations",
                "middlewares",
                "modifiers",
                "psr-7",
                "references",
                "rfc3986",
                "rfc3987",
                "uri",
                "url"
            ],
            "time": "2017-02-06 07:57:03"
        },
        {
            "name": "league/uri-parser",
            "version": "dev-master",
            "source": {
                "type": "git",
                "url": "https://github.com/thephpleague/uri-parser.git",
                "reference": "af8e1bab69ac49e2f935d75bdc2fcfd830de787a"
            },
            "dist": {
                "type": "zip",
                "url": "https://api.github.com/repos/thephpleague/uri-parser/zipball/af8e1bab69ac49e2f935d75bdc2fcfd830de787a",
                "reference": "af8e1bab69ac49e2f935d75bdc2fcfd830de787a",
                "shasum": ""
            },
            "require": {
                "ext-intl": "*",
                "php": ">=7.0.0"
            },
            "require-dev": {
                "friendsofphp/php-cs-fixer": "^2.0",
                "phpunit/phpunit": "^6.0"
            },
            "suggest": {
                "league/uri-schemes": "Allow validating and normalizing URI parsing results"
            },
            "type": "library",
            "extra": {
                "branch-alias": {
                    "dev-master": "1.0.x-dev"
                }
            },
            "autoload": {
                "psr-4": {
                    "League\\Uri\\": "src"
                }
            },
            "notification-url": "https://packagist.org/downloads/",
            "license": [
                "MIT"
            ],
            "authors": [
                {
                    "name": "Ignace Nyamagana Butera",
                    "email": "nyamsprod@gmail.com",
                    "homepage": "https://nyamsprod.com"
                }
            ],
            "description": "userland URI parser RFC 3986 compliant",
            "homepage": "https://github.com/thephpleague/uri-parser",
            "keywords": [
                "parse_url",
                "parser",
                "rfc3986",
                "uri",
                "url"
            ],
            "time": "2017-07-20 15:57:29"
        },
        {
            "name": "league/uri-schemes",
            "version": "dev-master",
            "source": {
                "type": "git",
                "url": "https://github.com/thephpleague/uri-schemes.git",
                "reference": "27d7dfc044d472bab237d00def30df6ea5ccc98d"
            },
            "dist": {
                "type": "zip",
                "url": "https://api.github.com/repos/thephpleague/uri-schemes/zipball/27d7dfc044d472bab237d00def30df6ea5ccc98d",
                "reference": "27d7dfc044d472bab237d00def30df6ea5ccc98d",
                "shasum": ""
            },
            "require": {
                "ext-fileinfo": "*",
                "ext-intl": "*",
                "ext-mbstring": "*",
                "league/uri-interfaces": "^1.0",
                "league/uri-parser": "^1.0",
                "php": ">=7.0",
                "psr/http-message": "^1.0"
            },
            "require-dev": {
                "friendsofphp/php-cs-fixer": "^2.0",
                "phpunit/phpunit": "^6.0"
            },
            "suggest": {
                "league/uri-manipulations": "Needed to easily manipulate URI objects"
            },
            "type": "library",
            "extra": {
                "branch-alias": {
                    "dev-master": "1.0.x-dev"
                }
            },
            "autoload": {
                "psr-4": {
                    "League\\Uri\\Schemes\\": "src"
                }
            },
            "notification-url": "https://packagist.org/downloads/",
            "license": [
                "MIT"
            ],
            "authors": [
                {
                    "name": "Ignace Nyamagana Butera",
                    "email": "nyamsprod@gmail.com",
                    "homepage": "https://nyamsprod.com"
                }
            ],
            "description": "URI manipulation library",
            "homepage": "http://uri.thephpleague.com",
            "keywords": [
                "data-uri",
                "file",
                "ftp",
                "http",
                "https",
                "parse_url",
                "psr-7",
                "rfc3986",
                "uri",
                "url",
                "ws",
                "wss"
            ],
            "time": "2017-06-12 07:38:21"
        },
        {
            "name": "predis/predis",
            "version": "v1.1.x-dev",
            "source": {
                "type": "git",
                "url": "https://github.com/nrk/predis.git",
                "reference": "111d100ee389d624036b46b35ed0c9ac59c71313"
            },
            "dist": {
                "type": "zip",
                "url": "https://api.github.com/repos/nrk/predis/zipball/111d100ee389d624036b46b35ed0c9ac59c71313",
                "reference": "111d100ee389d624036b46b35ed0c9ac59c71313",
                "shasum": ""
            },
            "require": {
                "php": ">=5.3.9"
            },
            "require-dev": {
                "phpunit/phpunit": "~4.8"
            },
            "suggest": {
                "ext-curl": "Allows access to Webdis when paired with phpiredis",
                "ext-phpiredis": "Allows faster serialization and deserialization of the Redis protocol"
            },
            "type": "library",
            "autoload": {
                "psr-4": {
                    "Predis\\": "src/"
                }
            },
            "notification-url": "https://packagist.org/downloads/",
            "license": [
                "MIT"
            ],
            "authors": [
                {
                    "name": "Daniele Alessandri",
                    "email": "suppakilla@gmail.com",
                    "homepage": "http://clorophilla.net"
                }
            ],
            "description": "Flexible and feature-complete Redis client for PHP and HHVM",
            "homepage": "http://github.com/nrk/predis",
            "keywords": [
                "nosql",
                "predis",
                "redis"
            ],
            "time": "2017-07-12 14:39:17"
        },
        {
            "name": "psr/http-message",
            "version": "dev-master",
            "source": {
                "type": "git",
                "url": "https://github.com/php-fig/http-message.git",
                "reference": "f6561bf28d520154e4b0ec72be95418abe6d9363"
            },
            "dist": {
                "type": "zip",
                "url": "https://api.github.com/repos/php-fig/http-message/zipball/f6561bf28d520154e4b0ec72be95418abe6d9363",
                "reference": "f6561bf28d520154e4b0ec72be95418abe6d9363",
                "shasum": ""
            },
            "require": {
                "php": ">=5.3.0"
            },
            "type": "library",
            "extra": {
                "branch-alias": {
                    "dev-master": "1.0.x-dev"
                }
            },
            "autoload": {
                "psr-4": {
                    "Psr\\Http\\Message\\": "src/"
                }
            },
            "notification-url": "https://packagist.org/downloads/",
            "license": [
                "MIT"
            ],
            "authors": [
                {
                    "name": "PHP-FIG",
                    "homepage": "http://www.php-fig.org/"
                }
            ],
            "description": "Common interface for HTTP messages",
            "homepage": "https://github.com/php-fig/http-message",
            "keywords": [
                "http",
                "http-message",
                "psr",
                "psr-7",
                "request",
                "response"
            ],
            "time": "2016-08-06 14:39:51"
        },
        {
            "name": "psr/log",
            "version": "dev-master",
            "source": {
                "type": "git",
                "url": "https://github.com/php-fig/log.git",
                "reference": "4ebe3a8bf773a19edfe0a84b6585ba3d401b724d"
            },
            "dist": {
                "type": "zip",
                "url": "https://api.github.com/repos/php-fig/log/zipball/4ebe3a8bf773a19edfe0a84b6585ba3d401b724d",
                "reference": "4ebe3a8bf773a19edfe0a84b6585ba3d401b724d",
                "shasum": ""
            },
            "require": {
                "php": ">=5.3.0"
            },
            "type": "library",
            "extra": {
                "branch-alias": {
                    "dev-master": "1.0.x-dev"
                }
            },
            "autoload": {
                "psr-4": {
                    "Psr\\Log\\": "Psr/Log/"
                }
            },
            "notification-url": "https://packagist.org/downloads/",
            "license": [
                "MIT"
            ],
            "authors": [
                {
                    "name": "PHP-FIG",
                    "homepage": "http://www.php-fig.org/"
                }
            ],
            "description": "Common interface for logging libraries",
            "homepage": "https://github.com/php-fig/log",
            "keywords": [
                "log",
                "psr",
                "psr-3"
            ],
            "time": "2016-10-10 12:19:37"
        }
    ],
    "packages-dev": [],
    "aliases": [],
    "minimum-stability": "dev",
    "stability-flags": [],
    "prefer-stable": false,
    "prefer-lowest": false,
    "platform": [],
    "platform-dev": []
}
